<?xml version="1.0" encoding="utf-8"?>
<Project ToolsVersion="4.0" xmlns="http://schemas.microsoft.com/developer/msbuild/2003">
  <ItemGroup>
    <Filter Include="소스 파일">
      <UniqueIdentifier>{4FC737F1-C7A5-4376-A066-2A32D752A2FF}</UniqueIdentifier>
      <Extensions>cpp;c;cc;cxx;def;odl;idl;hpj;bat;asm;asmx</Extensions>
    </Filter>
    <Filter Include="헤더 파일">
      <UniqueIdentifier>{93995380-89BD-4b04-88EB-625FBE52EBFB}</UniqueIdentifier>
      <Extensions>h;hpp;hxx;hm;inl;inc;xsd</Extensions>
    </Filter>
    <Filter Include="리소스 파일">
      <UniqueIdentifier>{67DA6AB6-F800-4c08-8B7A-83BB121AAD01}</UniqueIdentifier>
      <Extensions>rc;ico;cur;bmp;dlg;rc2;rct;bin;rgs;gif;jpg;jpeg;jpe;resx;tiff;tif;png;wav</Extensions>
    </Filter>
    <Filter Include="include">
      <UniqueIdentifier>{c78edd67-5a3e-4e51-9cc2-bc1ecd9d07fc}</UniqueIdentifier>
    </Filter>
  </ItemGroup>
  <ItemGroup>
    <ClCompile Include="Configuration.cpp">
      <Filter>소스 파일</Filter>
    </ClCompile>
    <ClCompile Include="DataAckMsg.cpp">
      <Filter>소스 파일</Filter>
    </ClCompile>
    <ClCompile Include="DataReader.cpp">
      <Filter>소스 파일</Filter>
    </ClCompile>
    <ClCompile Include="DataReaderImpl.cpp">
      <Filter>소스 파일</Filter>
    </ClCompile>
    <ClCompile Include="DataWriter.cpp">
      <Filter>소스 파일</Filter>
    </ClCompile>
    <ClCompile Include="DataWriterImpl.cpp">
      <Filter>소스 파일</Filter>
    </ClCompile>
    <ClCompile Include="EndpointInfo.cpp">
      <Filter>소스 파일</Filter>
    </ClCompile>
    <ClCompile Include="GUID_t.cpp">
      <Filter>소스 파일</Filter>
    </ClCompile>
    <ClCompile Include="Participant.cpp">
      <Filter>소스 파일</Filter>
    </ClCompile>
    <ClCompile Include="ParticipantImpl.cpp">
      <Filter>소스 파일</Filter>
    </ClCompile>
    <ClCompile Include="ParticipantIndexManager.cpp">
      <Filter>소스 파일</Filter>
    </ClCompile>
    <ClCompile Include="ProcThreadManager.cpp">
      <Filter>소스 파일</Filter>
    </ClCompile>
    <ClCompile Include="ReaderInfo.cpp">
      <Filter>소스 파일</Filter>
    </ClCompile>
    <ClCompile Include="ReceivePktProcThread.cpp">
      <Filter>소스 파일</Filter>
    </ClCompile>
    <ClCompile Include="UserDataMsg.cpp">
      <Filter>소스 파일</Filter>
    </ClCompile>
    <ClCompile Include="util.cpp">
      <Filter>소스 파일</Filter>
    </ClCompile>
    <ClCompile Include="DiscoveryMsgHeader.cpp">
      <Filter>소스 파일</Filter>
    </ClCompile>
    <ClCompile Include="DiscoveryManager.cpp">
      <Filter>소스 파일</Filter>
    </ClCompile>
    <ClCompile Include="DiscoveryMsg.cpp">
      <Filter>소스 파일</Filter>
    </ClCompile>
    <ClCompile Include="ReceiveDiscoveryMsg.cpp">
      <Filter>소스 파일</Filter>
    </ClCompile>
    <ClCompile Include="SendDiscoveryMsg.cpp">
      <Filter>소스 파일</Filter>
    </ClCompile>
  </ItemGroup>
  <ItemGroup>
    <ClInclude Include="Configuration.h">
      <Filter>헤더 파일</Filter>
    </ClInclude>
    <ClInclude Include="DataAckMsg.h">
      <Filter>헤더 파일</Filter>
    </ClInclude>
    <ClInclude Include="DataReaderImpl.h">
      <Filter>헤더 파일</Filter>
    </ClInclude>
    <ClInclude Include="DataWriterImpl.h">
      <Filter>헤더 파일</Filter>
    </ClInclude>
    <ClInclude Include="EndpointInfo.h">
      <Filter>헤더 파일</Filter>
    </ClInclude>
    <ClInclude Include="GUID_t.h">
      <Filter>헤더 파일</Filter>
    </ClInclude>
    <ClInclude Include="ParticipantImpl.h">
      <Filter>헤더 파일</Filter>
    </ClInclude>
    <ClInclude Include="ParticipantIndexManager.h">
      <Filter>헤더 파일</Filter>
    </ClInclude>
    <ClInclude Include="ProcThreadManager.h">
      <Filter>헤더 파일</Filter>
    </ClInclude>
    <ClInclude Include="ReaderInfo.h">
      <Filter>헤더 파일</Filter>
    </ClInclude>
    <ClInclude Include="ReceivePktProcThread.h">
      <Filter>헤더 파일</Filter>
    </ClInclude>
    <ClInclude Include="STMCommonPrivate.h">
      <Filter>헤더 파일</Filter>
    </ClInclude>
    <ClInclude Include="UserDataMsg.h">
      <Filter>헤더 파일</Filter>
    </ClInclude>
    <ClInclude Include="util.h">
      <Filter>헤더 파일</Filter>
    </ClInclude>
    <ClInclude Include="..\include\STM\DataReader.h">
      <Filter>include</Filter>
    </ClInclude>
    <ClInclude Include="..\include\STM\DataWriter.h">
      <Filter>include</Filter>
    </ClInclude>
    <ClInclude Include="..\include\STM\Participant.h">
      <Filter>include</Filter>
    </ClInclude>
    <ClInclude Include="..\include\STM\STMCommon.h">
      <Filter>include</Filter>
    </ClInclude>
    <ClInclude Include="..\include\STM\STMDataListener.h">
      <Filter>include</Filter>
    </ClInclude>
    <ClInclude Include="DiscoveryMsg.h">
      <Filter>헤더 파일</Filter>
    </ClInclude>
    <ClInclude Include="DiscoveryMsgHeader.h">
      <Filter>헤더 파일</Filter>
    </ClInclude>
    <ClInclude Include="DiscoveryManager.h">
      <Filter>헤더 파일</Filter>
    </ClInclude>
    <ClInclude Include="SendDiscoveryMsg.h">
      <Filter>헤더 파일</Filter>
    </ClInclude>
    <ClInclude Include="ReceiveDiscoveryMsg.h">
      <Filter>헤더 파일</Filter>
    </ClInclude>
  </ItemGroup>
</Project>